// !$*UTF8*$!
{
	archiveVersion = 1;
	classes = {
	};
	objectVersion = 50;
	objects = {

/* Begin PBXBuildFile section */
		65D6668226EB161300E73050 /* AppDelegate.swift in Sources */ = {isa = PBXBuildFile; fileRef = 65D6668126EB161300E73050 /* AppDelegate.swift */; };
		65D6668926EB161300E73050 /* Main.storyboard in Resources */ = {isa = PBXBuildFile; fileRef = 65D6668726EB161300E73050 /* Main.storyboard */; };
		65D6668B26EB161500E73050 /* Assets.xcassets in Resources */ = {isa = PBXBuildFile; fileRef = 65D6668A26EB161500E73050 /* Assets.xcassets */; };
		65D6668E26EB161500E73050 /* LaunchScreen.storyboard in Resources */ = {isa = PBXBuildFile; fileRef = 65D6668C26EB161500E73050 /* LaunchScreen.storyboard */; };
		65D6669826EB16F700E73050 /* CombineHelper.swift in Sources */ = {isa = PBXBuildFile; fileRef = 65D6669726EB16F700E73050 /* CombineHelper.swift */; };
		65D6669A26EB17BB00E73050 /* Constants.swift in Sources */ = {isa = PBXBuildFile; fileRef = 65D6669926EB17BB00E73050 /* Constants.swift */; };
		65D666A426EB17FA00E73050 /* RepositoryProvider.swift in Sources */ = {isa = PBXBuildFile; fileRef = 65D6669D26EB17FA00E73050 /* RepositoryProvider.swift */; };
		65D666A526EB17FA00E73050 /* RepositoryNetworking.swift in Sources */ = {isa = PBXBuildFile; fileRef = 65D6669E26EB17FA00E73050 /* RepositoryNetworking.swift */; };
		65D666A626EB17FA00E73050 /* Environments.swift in Sources */ = {isa = PBXBuildFile; fileRef = 65D666A026EB17FA00E73050 /* Environments.swift */; };
		65D666A726EB17FA00E73050 /* TargetType.swift in Sources */ = {isa = PBXBuildFile; fileRef = 65D666A126EB17FA00E73050 /* TargetType.swift */; };
		65D666A826EB17FA00E73050 /* BaseResponse.swift in Sources */ = {isa = PBXBuildFile; fileRef = 65D666A226EB17FA00E73050 /* BaseResponse.swift */; };
		65D666A926EB17FA00E73050 /* BaseAPI.swift in Sources */ = {isa = PBXBuildFile; fileRef = 65D666A326EB17FA00E73050 /* BaseAPI.swift */; };
		65D666AB26EB1A5000E73050 /* AppStateManager.swift in Sources */ = {isa = PBXBuildFile; fileRef = 65D666AA26EB1A5000E73050 /* AppStateManager.swift */; };
		65D666AE26EB1ADE00E73050 /* UIWindow+Transition.swift in Sources */ = {isa = PBXBuildFile; fileRef = 65D666AD26EB1ADE00E73050 /* UIWindow+Transition.swift */; };
		65D666B026EB1B8900E73050 /* LoadingSpinnerManager.swift in Sources */ = {isa = PBXBuildFile; fileRef = 65D666AF26EB1B8900E73050 /* LoadingSpinnerManager.swift */; };
		65D666B626EB1BFE00E73050 /* ToastManager.swift in Sources */ = {isa = PBXBuildFile; fileRef = 65D666B326EB1BFE00E73050 /* ToastManager.swift */; };
		65D666B726EB1BFE00E73050 /* ToastView.swift in Sources */ = {isa = PBXBuildFile; fileRef = 65D666B426EB1BFE00E73050 /* ToastView.swift */; };
		65D666B826EB1BFE00E73050 /* ToastView.xib in Resources */ = {isa = PBXBuildFile; fileRef = 65D666B526EB1BFE00E73050 /* ToastView.xib */; };
		65D666BA26EB1C9100E73050 /* UIView+Corner.swift in Sources */ = {isa = PBXBuildFile; fileRef = 65D666B926EB1C9100E73050 /* UIView+Corner.swift */; };
		65D666BC26EB1CB200E73050 /* UIElement+Config.swift in Sources */ = {isa = PBXBuildFile; fileRef = 65D666BB26EB1CB200E73050 /* UIElement+Config.swift */; };
		65D666BE26EB1CF100E73050 /* UIView+Border.swift in Sources */ = {isa = PBXBuildFile; fileRef = 65D666BD26EB1CF100E73050 /* UIView+Border.swift */; };
		65D666C026EB1D5C00E73050 /* UINavigation+Transparent.swift in Sources */ = {isa = PBXBuildFile; fileRef = 65D666BF26EB1D5C00E73050 /* UINavigation+Transparent.swift */; };
		65D666CB26EB22BE00E73050 /* ColorsDesignSystem.swift in Sources */ = {isa = PBXBuildFile; fileRef = 65D666CA26EB22BE00E73050 /* ColorsDesignSystem.swift */; };
		65D666CD26EB232800E73050 /* FontsDesignSystem.swift in Sources */ = {isa = PBXBuildFile; fileRef = 65D666CC26EB232800E73050 /* FontsDesignSystem.swift */; };
		65D666CF26EB235B00E73050 /* ImagesDesignSystem.swift in Sources */ = {isa = PBXBuildFile; fileRef = 65D666CE26EB235B00E73050 /* ImagesDesignSystem.swift */; };
		65D666D226EB261200E73050 /* HapticManager.swift in Sources */ = {isa = PBXBuildFile; fileRef = 65D666D126EB261200E73050 /* HapticManager.swift */; };
		65D666D426EB265F00E73050 /* Collection+Handling.swift in Sources */ = {isa = PBXBuildFile; fileRef = 65D666D326EB265F00E73050 /* Collection+Handling.swift */; };
		65D666DC26EB29A300E73050 /* RepositoryModel.swift in Sources */ = {isa = PBXBuildFile; fileRef = 65D666DA26EB29A300E73050 /* RepositoryModel.swift */; };
		65D666DD26EB29A300E73050 /* RepositoryVM.swift in Sources */ = {isa = PBXBuildFile; fileRef = 65D666DB26EB29A300E73050 /* RepositoryVM.swift */; };
		65D666E126EBBC8A00E73050 /* RepositoriesListView.swift in Sources */ = {isa = PBXBuildFile; fileRef = 65D666E026EBBC8A00E73050 /* RepositoriesListView.swift */; };
		65D666E326EBBCC900E73050 /* RepositoriesListVC.swift in Sources */ = {isa = PBXBuildFile; fileRef = 65D666E226EBBCC900E73050 /* RepositoriesListVC.swift */; };
		65D666E526EBBCD700E73050 /* RepositoriesListViewModel.swift in Sources */ = {isa = PBXBuildFile; fileRef = 65D666E426EBBCD700E73050 /* RepositoriesListViewModel.swift */; };
		65D666E926EBCBF400E73050 /* Home.storyboard in Resources */ = {isa = PBXBuildFile; fileRef = 65D666E826EBCBF400E73050 /* Home.storyboard */; };
		65D666EB26EBCC4E00E73050 /* StoryBoardsDesignSystem.swift in Sources */ = {isa = PBXBuildFile; fileRef = 65D666EA26EBCC4E00E73050 /* StoryBoardsDesignSystem.swift */; };
		65D666ED26EBCF9300E73050 /* UILabel+Animation.swift in Sources */ = {isa = PBXBuildFile; fileRef = 65D666EC26EBCF9300E73050 /* UILabel+Animation.swift */; };
		65D666EF26EBCFCE00E73050 /* LoadingVC.swift in Sources */ = {isa = PBXBuildFile; fileRef = 65D666EE26EBCFCE00E73050 /* LoadingVC.swift */; };
		65D666F126EBCFD800E73050 /* LoadingView.swift in Sources */ = {isa = PBXBuildFile; fileRef = 65D666F026EBCFD800E73050 /* LoadingView.swift */; };
		65D666F326EBE74C00E73050 /* WorkItemManager.swift in Sources */ = {isa = PBXBuildFile; fileRef = 65D666F226EBE74C00E73050 /* WorkItemManager.swift */; };
		65D666F626EC3C6600E73050 /* ZeroStateView.xib in Resources */ = {isa = PBXBuildFile; fileRef = 65D666F526EC3C6600E73050 /* ZeroStateView.xib */; };
		65D666F826EC3C8D00E73050 /* ZeroStateView.swift in Sources */ = {isa = PBXBuildFile; fileRef = 65D666F726EC3C8D00E73050 /* ZeroStateView.swift */; };
		65D666FC26EC4B3000E73050 /* RepositoryCell.swift in Sources */ = {isa = PBXBuildFile; fileRef = 65D666FA26EC4B3000E73050 /* RepositoryCell.swift */; };
		65D666FD26EC4B3000E73050 /* RepositoryCell.xib in Resources */ = {isa = PBXBuildFile; fileRef = 65D666FB26EC4B3000E73050 /* RepositoryCell.xib */; };
		65D666FF26EC5DE200E73050 /* NativeLoadImage + Caching.swift in Sources */ = {isa = PBXBuildFile; fileRef = 65D666FE26EC5DE200E73050 /* NativeLoadImage + Caching.swift */; };
		65D6670126EC6CCB00E73050 /* TableViewCellsAnimation.swift in Sources */ = {isa = PBXBuildFile; fileRef = 65D6670026EC6CCB00E73050 /* TableViewCellsAnimation.swift */; };
/* End PBXBuildFile section */

/* Begin PBXFileReference section */
		65D6667E26EB161300E73050 /* RobustaStudioTask.app */ = {isa = PBXFileReference; explicitFileType = wrapper.application; includeInIndex = 0; path = RobustaStudioTask.app; sourceTree = BUILT_PRODUCTS_DIR; };
		65D6668126EB161300E73050 /* AppDelegate.swift */ = {isa = PBXFileReference; lastKnownFileType = sourcecode.swift; path = AppDelegate.swift; sourceTree = "<group>"; };
		65D6668826EB161300E73050 /* Base */ = {isa = PBXFileReference; lastKnownFileType = file.storyboard; name = Base; path = Base.lproj/Main.storyboard; sourceTree = "<group>"; };
		65D6668A26EB161500E73050 /* Assets.xcassets */ = {isa = PBXFileReference; lastKnownFileType = folder.assetcatalog; path = Assets.xcassets; sourceTree = "<group>"; };
		65D6668D26EB161500E73050 /* Base */ = {isa = PBXFileReference; lastKnownFileType = file.storyboard; name = Base; path = Base.lproj/LaunchScreen.storyboard; sourceTree = "<group>"; };
		65D6668F26EB161500E73050 /* Info.plist */ = {isa = PBXFileReference; lastKnownFileType = text.plist.xml; path = Info.plist; sourceTree = "<group>"; };
		65D6669726EB16F700E73050 /* CombineHelper.swift */ = {isa = PBXFileReference; lastKnownFileType = sourcecode.swift; path = CombineHelper.swift; sourceTree = "<group>"; };
		65D6669926EB17BB00E73050 /* Constants.swift */ = {isa = PBXFileReference; lastKnownFileType = sourcecode.swift; path = Constants.swift; sourceTree = "<group>"; };
		65D6669D26EB17FA00E73050 /* RepositoryProvider.swift */ = {isa = PBXFileReference; fileEncoding = 4; lastKnownFileType = sourcecode.swift; path = RepositoryProvider.swift; sourceTree = "<group>"; };
		65D6669E26EB17FA00E73050 /* RepositoryNetworking.swift */ = {isa = PBXFileReference; fileEncoding = 4; lastKnownFileType = sourcecode.swift; path = RepositoryNetworking.swift; sourceTree = "<group>"; };
		65D666A026EB17FA00E73050 /* Environments.swift */ = {isa = PBXFileReference; fileEncoding = 4; lastKnownFileType = sourcecode.swift; path = Environments.swift; sourceTree = "<group>"; };
		65D666A126EB17FA00E73050 /* TargetType.swift */ = {isa = PBXFileReference; fileEncoding = 4; lastKnownFileType = sourcecode.swift; path = TargetType.swift; sourceTree = "<group>"; };
		65D666A226EB17FA00E73050 /* BaseResponse.swift */ = {isa = PBXFileReference; fileEncoding = 4; lastKnownFileType = sourcecode.swift; path = BaseResponse.swift; sourceTree = "<group>"; };
		65D666A326EB17FA00E73050 /* BaseAPI.swift */ = {isa = PBXFileReference; fileEncoding = 4; lastKnownFileType = sourcecode.swift; path = BaseAPI.swift; sourceTree = "<group>"; };
		65D666AA26EB1A5000E73050 /* AppStateManager.swift */ = {isa = PBXFileReference; lastKnownFileType = sourcecode.swift; path = AppStateManager.swift; sourceTree = "<group>"; };
		65D666AD26EB1ADE00E73050 /* UIWindow+Transition.swift */ = {isa = PBXFileReference; lastKnownFileType = sourcecode.swift; path = "UIWindow+Transition.swift"; sourceTree = "<group>"; };
		65D666AF26EB1B8900E73050 /* LoadingSpinnerManager.swift */ = {isa = PBXFileReference; lastKnownFileType = sourcecode.swift; path = LoadingSpinnerManager.swift; sourceTree = "<group>"; };
		65D666B326EB1BFE00E73050 /* ToastManager.swift */ = {isa = PBXFileReference; fileEncoding = 4; lastKnownFileType = sourcecode.swift; path = ToastManager.swift; sourceTree = "<group>"; };
		65D666B426EB1BFE00E73050 /* ToastView.swift */ = {isa = PBXFileReference; fileEncoding = 4; lastKnownFileType = sourcecode.swift; path = ToastView.swift; sourceTree = "<group>"; };
		65D666B526EB1BFE00E73050 /* ToastView.xib */ = {isa = PBXFileReference; fileEncoding = 4; lastKnownFileType = file.xib; path = ToastView.xib; sourceTree = "<group>"; };
		65D666B926EB1C9100E73050 /* UIView+Corner.swift */ = {isa = PBXFileReference; lastKnownFileType = sourcecode.swift; path = "UIView+Corner.swift"; sourceTree = "<group>"; };
		65D666BB26EB1CB200E73050 /* UIElement+Config.swift */ = {isa = PBXFileReference; lastKnownFileType = sourcecode.swift; path = "UIElement+Config.swift"; sourceTree = "<group>"; };
		65D666BD26EB1CF100E73050 /* UIView+Border.swift */ = {isa = PBXFileReference; lastKnownFileType = sourcecode.swift; path = "UIView+Border.swift"; sourceTree = "<group>"; };
		65D666BF26EB1D5C00E73050 /* UINavigation+Transparent.swift */ = {isa = PBXFileReference; lastKnownFileType = sourcecode.swift; path = "UINavigation+Transparent.swift"; sourceTree = "<group>"; };
		65D666CA26EB22BE00E73050 /* ColorsDesignSystem.swift */ = {isa = PBXFileReference; lastKnownFileType = sourcecode.swift; path = ColorsDesignSystem.swift; sourceTree = "<group>"; };
		65D666CC26EB232800E73050 /* FontsDesignSystem.swift */ = {isa = PBXFileReference; lastKnownFileType = sourcecode.swift; path = FontsDesignSystem.swift; sourceTree = "<group>"; };
		65D666CE26EB235B00E73050 /* ImagesDesignSystem.swift */ = {isa = PBXFileReference; lastKnownFileType = sourcecode.swift; path = ImagesDesignSystem.swift; sourceTree = "<group>"; };
		65D666D126EB261200E73050 /* HapticManager.swift */ = {isa = PBXFileReference; lastKnownFileType = sourcecode.swift; path = HapticManager.swift; sourceTree = "<group>"; };
		65D666D326EB265F00E73050 /* Collection+Handling.swift */ = {isa = PBXFileReference; lastKnownFileType = sourcecode.swift; path = "Collection+Handling.swift"; sourceTree = "<group>"; };
		65D666DA26EB29A300E73050 /* RepositoryModel.swift */ = {isa = PBXFileReference; fileEncoding = 4; lastKnownFileType = sourcecode.swift; path = RepositoryModel.swift; sourceTree = "<group>"; };
		65D666DB26EB29A300E73050 /* RepositoryVM.swift */ = {isa = PBXFileReference; fileEncoding = 4; lastKnownFileType = sourcecode.swift; path = RepositoryVM.swift; sourceTree = "<group>"; };
		65D666E026EBBC8A00E73050 /* RepositoriesListView.swift */ = {isa = PBXFileReference; lastKnownFileType = sourcecode.swift; path = RepositoriesListView.swift; sourceTree = "<group>"; };
		65D666E226EBBCC900E73050 /* RepositoriesListVC.swift */ = {isa = PBXFileReference; lastKnownFileType = sourcecode.swift; path = RepositoriesListVC.swift; sourceTree = "<group>"; };
		65D666E426EBBCD700E73050 /* RepositoriesListViewModel.swift */ = {isa = PBXFileReference; lastKnownFileType = sourcecode.swift; path = RepositoriesListViewModel.swift; sourceTree = "<group>"; };
		65D666E826EBCBF400E73050 /* Home.storyboard */ = {isa = PBXFileReference; lastKnownFileType = file.storyboard; path = Home.storyboard; sourceTree = "<group>"; };
		65D666EA26EBCC4E00E73050 /* StoryBoardsDesignSystem.swift */ = {isa = PBXFileReference; fileEncoding = 4; lastKnownFileType = sourcecode.swift; path = StoryBoardsDesignSystem.swift; sourceTree = "<group>"; };
		65D666EC26EBCF9300E73050 /* UILabel+Animation.swift */ = {isa = PBXFileReference; lastKnownFileType = sourcecode.swift; path = "UILabel+Animation.swift"; sourceTree = "<group>"; };
		65D666EE26EBCFCE00E73050 /* LoadingVC.swift */ = {isa = PBXFileReference; lastKnownFileType = sourcecode.swift; path = LoadingVC.swift; sourceTree = "<group>"; };
		65D666F026EBCFD800E73050 /* LoadingView.swift */ = {isa = PBXFileReference; lastKnownFileType = sourcecode.swift; path = LoadingView.swift; sourceTree = "<group>"; };
		65D666F226EBE74C00E73050 /* WorkItemManager.swift */ = {isa = PBXFileReference; lastKnownFileType = sourcecode.swift; path = WorkItemManager.swift; sourceTree = "<group>"; };
		65D666F526EC3C6600E73050 /* ZeroStateView.xib */ = {isa = PBXFileReference; lastKnownFileType = file.xib; path = ZeroStateView.xib; sourceTree = "<group>"; };
		65D666F726EC3C8D00E73050 /* ZeroStateView.swift */ = {isa = PBXFileReference; lastKnownFileType = sourcecode.swift; path = ZeroStateView.swift; sourceTree = "<group>"; };
		65D666FA26EC4B3000E73050 /* RepositoryCell.swift */ = {isa = PBXFileReference; lastKnownFileType = sourcecode.swift; path = RepositoryCell.swift; sourceTree = "<group>"; };
		65D666FB26EC4B3000E73050 /* RepositoryCell.xib */ = {isa = PBXFileReference; lastKnownFileType = file.xib; path = RepositoryCell.xib; sourceTree = "<group>"; };
		65D666FE26EC5DE200E73050 /* NativeLoadImage + Caching.swift */ = {isa = PBXFileReference; lastKnownFileType = sourcecode.swift; path = "NativeLoadImage + Caching.swift"; sourceTree = "<group>"; };
		65D6670026EC6CCB00E73050 /* TableViewCellsAnimation.swift */ = {isa = PBXFileReference; lastKnownFileType = sourcecode.swift; path = TableViewCellsAnimation.swift; sourceTree = "<group>"; };
/* End PBXFileReference section */

/* Begin PBXFrameworksBuildPhase section */
		65D6667B26EB161300E73050 /* Frameworks */ = {
			isa = PBXFrameworksBuildPhase;
			buildActionMask = 2147483647;
			files = (
			);
			runOnlyForDeploymentPostprocessing = 0;
		};
/* End PBXFrameworksBuildPhase section */

/* Begin PBXGroup section */
		65D6667526EB161300E73050 = {
			isa = PBXGroup;
			children = (
				65D6668026EB161300E73050 /* RobustaStudioTask */,
				65D6667F26EB161300E73050 /* Products */,
			);
			sourceTree = "<group>";
		};
		65D6667F26EB161300E73050 /* Products */ = {
			isa = PBXGroup;
			children = (
				65D6667E26EB161300E73050 /* RobustaStudioTask.app */,
			);
			name = Products;
			sourceTree = "<group>";
		};
		65D6668026EB161300E73050 /* RobustaStudioTask */ = {
			isa = PBXGroup;
			children = (
				65D6669626EB16CF00E73050 /* Shared */,
				65D6669B26EB17FA00E73050 /* Networking */,
				65D6669526EB16BE00E73050 /* Managers */,
				65D666AC26EB1AAC00E73050 /* Extentions */,
				65D666C126EB210700E73050 /* Views */,
				65D666D926EB29A300E73050 /* Models */,
				65D666C726EB215E00E73050 /* Resources */,
			);
			path = RobustaStudioTask;
			sourceTree = "<group>";
		};
		65D6669526EB16BE00E73050 /* Managers */ = {
			isa = PBXGroup;
			children = (
				65D666AA26EB1A5000E73050 /* AppStateManager.swift */,
				65D666AF26EB1B8900E73050 /* LoadingSpinnerManager.swift */,
				65D666F226EBE74C00E73050 /* WorkItemManager.swift */,
				65D666D126EB261200E73050 /* HapticManager.swift */,
				65D6670026EC6CCB00E73050 /* TableViewCellsAnimation.swift */,
				65D666B226EB1BFE00E73050 /* ToastViewManager */,
			);
			path = Managers;
			sourceTree = "<group>";
		};
		65D6669626EB16CF00E73050 /* Shared */ = {
			isa = PBXGroup;
			children = (
				65D6668126EB161300E73050 /* AppDelegate.swift */,
				65D6669926EB17BB00E73050 /* Constants.swift */,
				65D6669726EB16F700E73050 /* CombineHelper.swift */,
			);
			path = Shared;
			sourceTree = "<group>";
		};
		65D6669B26EB17FA00E73050 /* Networking */ = {
			isa = PBXGroup;
			children = (
				65D6669F26EB17FA00E73050 /* Base */,
				65D6669C26EB17FA00E73050 /* Repositories */,
			);
			path = Networking;
			sourceTree = "<group>";
		};
		65D6669C26EB17FA00E73050 /* Repositories */ = {
			isa = PBXGroup;
			children = (
				65D6669D26EB17FA00E73050 /* RepositoryProvider.swift */,
				65D6669E26EB17FA00E73050 /* RepositoryNetworking.swift */,
			);
			path = Repositories;
			sourceTree = "<group>";
		};
		65D6669F26EB17FA00E73050 /* Base */ = {
			isa = PBXGroup;
			children = (
				65D666A026EB17FA00E73050 /* Environments.swift */,
				65D666A326EB17FA00E73050 /* BaseAPI.swift */,
				65D666A126EB17FA00E73050 /* TargetType.swift */,
				65D666A226EB17FA00E73050 /* BaseResponse.swift */,
				65D666FE26EC5DE200E73050 /* NativeLoadImage + Caching.swift */,
			);
			path = Base;
			sourceTree = "<group>";
		};
		65D666AC26EB1AAC00E73050 /* Extentions */ = {
			isa = PBXGroup;
			children = (
				65D666AD26EB1ADE00E73050 /* UIWindow+Transition.swift */,
				65D666B926EB1C9100E73050 /* UIView+Corner.swift */,
				65D666BB26EB1CB200E73050 /* UIElement+Config.swift */,
				65D666BD26EB1CF100E73050 /* UIView+Border.swift */,
				65D666EC26EBCF9300E73050 /* UILabel+Animation.swift */,
				65D666BF26EB1D5C00E73050 /* UINavigation+Transparent.swift */,
				65D666D326EB265F00E73050 /* Collection+Handling.swift */,
			);
			path = Extentions;
			sourceTree = "<group>";
		};
		65D666B226EB1BFE00E73050 /* ToastViewManager */ = {
			isa = PBXGroup;
			children = (
				65D666B326EB1BFE00E73050 /* ToastManager.swift */,
				65D666B426EB1BFE00E73050 /* ToastView.swift */,
				65D666B526EB1BFE00E73050 /* ToastView.xib */,
			);
			path = ToastViewManager;
			sourceTree = "<group>";
		};
		65D666C126EB210700E73050 /* Views */ = {
			isa = PBXGroup;
			children = (
				65D666F426EC3C2600E73050 /* ReusableComponents */,
				65D666DE26EBBC3600E73050 /* Loading */,
				65D666DF26EBBC4600E73050 /* Logged In */,
			);
			path = Views;
			sourceTree = "<group>";
		};
		65D666C726EB215E00E73050 /* Resources */ = {
			isa = PBXGroup;
			children = (
				65D6668C26EB161500E73050 /* LaunchScreen.storyboard */,
				65D666C926EB22A700E73050 /* DesignSystem */,
				65D666C826EB218500E73050 /* Storyboards */,
				65D6668F26EB161500E73050 /* Info.plist */,
				65D6668A26EB161500E73050 /* Assets.xcassets */,
			);
			path = Resources;
			sourceTree = "<group>";
		};
		65D666C826EB218500E73050 /* Storyboards */ = {
			isa = PBXGroup;
			children = (
				65D6668726EB161300E73050 /* Main.storyboard */,
				65D666E826EBCBF400E73050 /* Home.storyboard */,
			);
			path = Storyboards;
			sourceTree = "<group>";
		};
		65D666C926EB22A700E73050 /* DesignSystem */ = {
			isa = PBXGroup;
			children = (
				65D666CA26EB22BE00E73050 /* ColorsDesignSystem.swift */,
				65D666CC26EB232800E73050 /* FontsDesignSystem.swift */,
				65D666CE26EB235B00E73050 /* ImagesDesignSystem.swift */,
				65D666EA26EBCC4E00E73050 /* StoryBoardsDesignSystem.swift */,
			);
			path = DesignSystem;
			sourceTree = "<group>";
		};
		65D666D926EB29A300E73050 /* Models */ = {
			isa = PBXGroup;
			children = (
				65D666DA26EB29A300E73050 /* RepositoryModel.swift */,
				65D666DB26EB29A300E73050 /* RepositoryVM.swift */,
			);
			path = Models;
			sourceTree = "<group>";
		};
		65D666DE26EBBC3600E73050 /* Loading */ = {
			isa = PBXGroup;
			children = (
				65D666F026EBCFD800E73050 /* LoadingView.swift */,
				65D666EE26EBCFCE00E73050 /* LoadingVC.swift */,
			);
			path = Loading;
			sourceTree = "<group>";
		};
		65D666DF26EBBC4600E73050 /* Logged In */ = {
			isa = PBXGroup;
			children = (
				65D666E026EBBC8A00E73050 /* RepositoriesListView.swift */,
				65D666E226EBBCC900E73050 /* RepositoriesListVC.swift */,
				65D666E426EBBCD700E73050 /* RepositoriesListViewModel.swift */,
				65D666F926EC4AFC00E73050 /* RepositoryCell */,
			);
			path = "Logged In";
			sourceTree = "<group>";
		};
		65D666F426EC3C2600E73050 /* ReusableComponents */ = {
			isa = PBXGroup;
			children = (
				65D666F526EC3C6600E73050 /* ZeroStateView.xib */,
				65D666F726EC3C8D00E73050 /* ZeroStateView.swift */,
			);
			path = ReusableComponents;
			sourceTree = "<group>";
		};
		65D666F926EC4AFC00E73050 /* RepositoryCell */ = {
			isa = PBXGroup;
			children = (
				65D666FA26EC4B3000E73050 /* RepositoryCell.swift */,
				65D666FB26EC4B3000E73050 /* RepositoryCell.xib */,
			);
			path = RepositoryCell;
			sourceTree = "<group>";
		};
/* End PBXGroup section */

/* Begin PBXNativeTarget section */
		65D6667D26EB161300E73050 /* RobustaStudioTask */ = {
			isa = PBXNativeTarget;
			buildConfigurationList = 65D6669226EB161500E73050 /* Build configuration list for PBXNativeTarget "RobustaStudioTask" */;
			buildPhases = (
				65D6667A26EB161300E73050 /* Sources */,
				65D6667B26EB161300E73050 /* Frameworks */,
				65D6667C26EB161300E73050 /* Resources */,
			);
			buildRules = (
			);
			dependencies = (
			);
			name = RobustaStudioTask;
			productName = RobustaStudioTask;
			productReference = 65D6667E26EB161300E73050 /* RobustaStudioTask.app */;
			productType = "com.apple.product-type.application";
		};
/* End PBXNativeTarget section */

/* Begin PBXProject section */
		65D6667626EB161300E73050 /* Project object */ = {
			isa = PBXProject;
			attributes = {
				LastSwiftUpdateCheck = 1250;
				LastUpgradeCheck = 1250;
				TargetAttributes = {
					65D6667D26EB161300E73050 = {
						CreatedOnToolsVersion = 12.5.1;
					};
				};
			};
			buildConfigurationList = 65D6667926EB161300E73050 /* Build configuration list for PBXProject "RobustaStudioTask" */;
			compatibilityVersion = "Xcode 9.3";
			developmentRegion = en;
			hasScannedForEncodings = 0;
			knownRegions = (
				en,
				Base,
			);
			mainGroup = 65D6667526EB161300E73050;
			productRefGroup = 65D6667F26EB161300E73050 /* Products */;
			projectDirPath = "";
			projectRoot = "";
			targets = (
				65D6667D26EB161300E73050 /* RobustaStudioTask */,
			);
		};
/* End PBXProject section */

/* Begin PBXResourcesBuildPhase section */
		65D6667C26EB161300E73050 /* Resources */ = {
			isa = PBXResourcesBuildPhase;
			buildActionMask = 2147483647;
			files = (
				65D666F626EC3C6600E73050 /* ZeroStateView.xib in Resources */,
				65D666FD26EC4B3000E73050 /* RepositoryCell.xib in Resources */,
				65D666B826EB1BFE00E73050 /* ToastView.xib in Resources */,
				65D666E926EBCBF400E73050 /* Home.storyboard in Resources */,
				65D6668E26EB161500E73050 /* LaunchScreen.storyboard in Resources */,
				65D6668B26EB161500E73050 /* Assets.xcassets in Resources */,
				65D6668926EB161300E73050 /* Main.storyboard in Resources */,
			);
			runOnlyForDeploymentPostprocessing = 0;
		};
/* End PBXResourcesBuildPhase section */

/* Begin PBXSourcesBuildPhase section */
		65D6667A26EB161300E73050 /* Sources */ = {
			isa = PBXSourcesBuildPhase;
			buildActionMask = 2147483647;
			files = (
				65D666F826EC3C8D00E73050 /* ZeroStateView.swift in Sources */,
				65D666A826EB17FA00E73050 /* BaseResponse.swift in Sources */,
				65D666DC26EB29A300E73050 /* RepositoryModel.swift in Sources */,
				65D666CD26EB232800E73050 /* FontsDesignSystem.swift in Sources */,
				65D666EF26EBCFCE00E73050 /* LoadingVC.swift in Sources */,
				65D666FF26EC5DE200E73050 /* NativeLoadImage + Caching.swift in Sources */,
				65D666E126EBBC8A00E73050 /* RepositoriesListView.swift in Sources */,
				65D666F126EBCFD800E73050 /* LoadingView.swift in Sources */,
				65D666BE26EB1CF100E73050 /* UIView+Border.swift in Sources */,
				65D666A426EB17FA00E73050 /* RepositoryProvider.swift in Sources */,
				65D6668226EB161300E73050 /* AppDelegate.swift in Sources */,
				65D666B726EB1BFE00E73050 /* ToastView.swift in Sources */,
				65D666A526EB17FA00E73050 /* RepositoryNetworking.swift in Sources */,
				65D666AB26EB1A5000E73050 /* AppStateManager.swift in Sources */,
				65D666B026EB1B8900E73050 /* LoadingSpinnerManager.swift in Sources */,
				65D666E326EBBCC900E73050 /* RepositoriesListVC.swift in Sources */,
				65D666FC26EC4B3000E73050 /* RepositoryCell.swift in Sources */,
				65D666A726EB17FA00E73050 /* TargetType.swift in Sources */,
				65D666C026EB1D5C00E73050 /* UINavigation+Transparent.swift in Sources */,
				65D6669826EB16F700E73050 /* CombineHelper.swift in Sources */,
				65D666E526EBBCD700E73050 /* RepositoriesListViewModel.swift in Sources */,
				65D666EB26EBCC4E00E73050 /* StoryBoardsDesignSystem.swift in Sources */,
				65D666DD26EB29A300E73050 /* RepositoryVM.swift in Sources */,
				65D666CB26EB22BE00E73050 /* ColorsDesignSystem.swift in Sources */,
				65D666CF26EB235B00E73050 /* ImagesDesignSystem.swift in Sources */,
				65D666BC26EB1CB200E73050 /* UIElement+Config.swift in Sources */,
				65D666AE26EB1ADE00E73050 /* UIWindow+Transition.swift in Sources */,
				65D666D226EB261200E73050 /* HapticManager.swift in Sources */,
				65D666BA26EB1C9100E73050 /* UIView+Corner.swift in Sources */,
				65D666A626EB17FA00E73050 /* Environments.swift in Sources */,
				65D666B626EB1BFE00E73050 /* ToastManager.swift in Sources */,
				65D666F326EBE74C00E73050 /* WorkItemManager.swift in Sources */,
				65D6669A26EB17BB00E73050 /* Constants.swift in Sources */,
				65D666ED26EBCF9300E73050 /* UILabel+Animation.swift in Sources */,
				65D6670126EC6CCB00E73050 /* TableViewCellsAnimation.swift in Sources */,
				65D666A926EB17FA00E73050 /* BaseAPI.swift in Sources */,
				65D666D426EB265F00E73050 /* Collection+Handling.swift in Sources */,
			);
			runOnlyForDeploymentPostprocessing = 0;
		};
/* End PBXSourcesBuildPhase section */

/* Begin PBXVariantGroup section */
		65D6668726EB161300E73050 /* Main.storyboard */ = {
			isa = PBXVariantGroup;
			children = (
				65D6668826EB161300E73050 /* Base */,
			);
			name = Main.storyboard;
			sourceTree = "<group>";
		};
		65D6668C26EB161500E73050 /* LaunchScreen.storyboard */ = {
			isa = PBXVariantGroup;
			children = (
				65D6668D26EB161500E73050 /* Base */,
			);
			name = LaunchScreen.storyboard;
			sourceTree = "<group>";
		};
/* End PBXVariantGroup section */

/* Begin XCBuildConfiguration section */
		65D6669026EB161500E73050 /* Debug */ = {
			isa = XCBuildConfiguration;
			buildSettings = {
				ALWAYS_SEARCH_USER_PATHS = NO;
				CLANG_ANALYZER_NONNULL = YES;
				CLANG_ANALYZER_NUMBER_OBJECT_CONVERSION = YES_AGGRESSIVE;
				CLANG_CXX_LANGUAGE_STANDARD = "gnu++14";
				CLANG_CXX_LIBRARY = "libc++";
				CLANG_ENABLE_MODULES = YES;
				CLANG_ENABLE_OBJC_ARC = YES;
				CLANG_ENABLE_OBJC_WEAK = YES;
				CLANG_WARN_BLOCK_CAPTURE_AUTORELEASING = YES;
				CLANG_WARN_BOOL_CONVERSION = YES;
				CLANG_WARN_COMMA = YES;
				CLANG_WARN_CONSTANT_CONVERSION = YES;
				CLANG_WARN_DEPRECATED_OBJC_IMPLEMENTATIONS = YES;
				CLANG_WARN_DIRECT_OBJC_ISA_USAGE = YES_ERROR;
				CLANG_WARN_DOCUMENTATION_COMMENTS = YES;
				CLANG_WARN_EMPTY_BODY = YES;
				CLANG_WARN_ENUM_CONVERSION = YES;
				CLANG_WARN_INFINITE_RECURSION = YES;
				CLANG_WARN_INT_CONVERSION = YES;
				CLANG_WARN_NON_LITERAL_NULL_CONVERSION = YES;
				CLANG_WARN_OBJC_IMPLICIT_RETAIN_SELF = YES;
				CLANG_WARN_OBJC_LITERAL_CONVERSION = YES;
				CLANG_WARN_OBJC_ROOT_CLASS = YES_ERROR;
				CLANG_WARN_QUOTED_INCLUDE_IN_FRAMEWORK_HEADER = YES;
				CLANG_WARN_RANGE_LOOP_ANALYSIS = YES;
				CLANG_WARN_STRICT_PROTOTYPES = YES;
				CLANG_WARN_SUSPICIOUS_MOVE = YES;
				CLANG_WARN_UNGUARDED_AVAILABILITY = YES_AGGRESSIVE;
				CLANG_WARN_UNREACHABLE_CODE = YES;
				CLANG_WARN__DUPLICATE_METHOD_MATCH = YES;
				COPY_PHASE_STRIP = NO;
				DEBUG_INFORMATION_FORMAT = dwarf;
				ENABLE_STRICT_OBJC_MSGSEND = YES;
				ENABLE_TESTABILITY = YES;
				GCC_C_LANGUAGE_STANDARD = gnu11;
				GCC_DYNAMIC_NO_PIC = NO;
				GCC_NO_COMMON_BLOCKS = YES;
				GCC_OPTIMIZATION_LEVEL = 0;
				GCC_PREPROCESSOR_DEFINITIONS = (
					"DEBUG=1",
					"$(inherited)",
				);
				GCC_WARN_64_TO_32_BIT_CONVERSION = YES;
				GCC_WARN_ABOUT_RETURN_TYPE = YES_ERROR;
				GCC_WARN_UNDECLARED_SELECTOR = YES;
				GCC_WARN_UNINITIALIZED_AUTOS = YES_AGGRESSIVE;
				GCC_WARN_UNUSED_FUNCTION = YES;
				GCC_WARN_UNUSED_VARIABLE = YES;
				IPHONEOS_DEPLOYMENT_TARGET = 14.5;
				MTL_ENABLE_DEBUG_INFO = INCLUDE_SOURCE;
				MTL_FAST_MATH = YES;
				ONLY_ACTIVE_ARCH = YES;
				SDKROOT = iphoneos;
				SWIFT_ACTIVE_COMPILATION_CONDITIONS = DEBUG;
				SWIFT_OPTIMIZATION_LEVEL = "-Onone";
			};
			name = Debug;
		};
		65D6669126EB161500E73050 /* Release */ = {
			isa = XCBuildConfiguration;
			buildSettings = {
				ALWAYS_SEARCH_USER_PATHS = NO;
				CLANG_ANALYZER_NONNULL = YES;
				CLANG_ANALYZER_NUMBER_OBJECT_CONVERSION = YES_AGGRESSIVE;
				CLANG_CXX_LANGUAGE_STANDARD = "gnu++14";
				CLANG_CXX_LIBRARY = "libc++";
				CLANG_ENABLE_MODULES = YES;
				CLANG_ENABLE_OBJC_ARC = YES;
				CLANG_ENABLE_OBJC_WEAK = YES;
				CLANG_WARN_BLOCK_CAPTURE_AUTORELEASING = YES;
				CLANG_WARN_BOOL_CONVERSION = YES;
				CLANG_WARN_COMMA = YES;
				CLANG_WARN_CONSTANT_CONVERSION = YES;
				CLANG_WARN_DEPRECATED_OBJC_IMPLEMENTATIONS = YES;
				CLANG_WARN_DIRECT_OBJC_ISA_USAGE = YES_ERROR;
				CLANG_WARN_DOCUMENTATION_COMMENTS = YES;
				CLANG_WARN_EMPTY_BODY = YES;
				CLANG_WARN_ENUM_CONVERSION = YES;
				CLANG_WARN_INFINITE_RECURSION = YES;
				CLANG_WARN_INT_CONVERSION = YES;
				CLANG_WARN_NON_LITERAL_NULL_CONVERSION = YES;
				CLANG_WARN_OBJC_IMPLICIT_RETAIN_SELF = YES;
				CLANG_WARN_OBJC_LITERAL_CONVERSION = YES;
				CLANG_WARN_OBJC_ROOT_CLASS = YES_ERROR;
				CLANG_WARN_QUOTED_INCLUDE_IN_FRAMEWORK_HEADER = YES;
				CLANG_WARN_RANGE_LOOP_ANALYSIS = YES;
				CLANG_WARN_STRICT_PROTOTYPES = YES;
				CLANG_WARN_SUSPICIOUS_MOVE = YES;
				CLANG_WARN_UNGUARDED_AVAILABILITY = YES_AGGRESSIVE;
				CLANG_WARN_UNREACHABLE_CODE = YES;
				CLANG_WARN__DUPLICATE_METHOD_MATCH = YES;
				COPY_PHASE_STRIP = NO;
				DEBUG_INFORMATION_FORMAT = "dwarf-with-dsym";
				ENABLE_NS_ASSERTIONS = NO;
				ENABLE_STRICT_OBJC_MSGSEND = YES;
				GCC_C_LANGUAGE_STANDARD = gnu11;
				GCC_NO_COMMON_BLOCKS = YES;
				GCC_WARN_64_TO_32_BIT_CONVERSION = YES;
				GCC_WARN_ABOUT_RETURN_TYPE = YES_ERROR;
				GCC_WARN_UNDECLARED_SELECTOR = YES;
				GCC_WARN_UNINITIALIZED_AUTOS = YES_AGGRESSIVE;
				GCC_WARN_UNUSED_FUNCTION = YES;
				GCC_WARN_UNUSED_VARIABLE = YES;
				IPHONEOS_DEPLOYMENT_TARGET = 14.5;
				MTL_ENABLE_DEBUG_INFO = NO;
				MTL_FAST_MATH = YES;
				SDKROOT = iphoneos;
				SWIFT_COMPILATION_MODE = wholemodule;
				SWIFT_OPTIMIZATION_LEVEL = "-O";
				VALIDATE_PRODUCT = YES;
			};
			name = Release;
		};
		65D6669326EB161500E73050 /* Debug */ = {
			isa = XCBuildConfiguration;
			buildSettings = {
				ASSETCATALOG_COMPILER_APPICON_NAME = AppIcon;
				ASSETCATALOG_COMPILER_GLOBAL_ACCENT_COLOR_NAME = AccentColor;
				CODE_SIGN_STYLE = Automatic;
				DEVELOPMENT_TEAM = 878MBK7BQJ;
				INFOPLIST_FILE = "$(SRCROOT)/RobustaStudioTask/Resources/Info.plist";
				LD_RUNPATH_SEARCH_PATHS = (
					"$(inherited)",
					"@executable_path/Frameworks",
				);
				PRODUCT_BUNDLE_IDENTIFIER = com.moharam.robustastudio.task;
				PRODUCT_NAME = "$(TARGET_NAME)";
				SWIFT_VERSION = 5.0;
				TARGETED_DEVICE_FAMILY = 1;
			};
			name = Debug;
		};
		65D6669426EB161500E73050 /* Release */ = {
			isa = XCBuildConfiguration;
			buildSettings = {
				ASSETCATALOG_COMPILER_APPICON_NAME = AppIcon;
				ASSETCATALOG_COMPILER_GLOBAL_ACCENT_COLOR_NAME = AccentColor;
				CODE_SIGN_STYLE = Automatic;
				DEVELOPMENT_TEAM = 878MBK7BQJ;
				INFOPLIST_FILE = "$(SRCROOT)/RobustaStudioTask/Resources/Info.plist";
				LD_RUNPATH_SEARCH_PATHS = (
					"$(inherited)",
					"@executable_path/Frameworks",
				);
				PRODUCT_BUNDLE_IDENTIFIER = com.moharam.robustastudio.task;
				PRODUCT_NAME = "$(TARGET_NAME)";
				SWIFT_VERSION = 5.0;
				TARGETED_DEVICE_FAMILY = 1;
			};
			name = Release;
		};
/* End XCBuildConfiguration section */

/* Begin XCConfigurationList section */
		65D6667926EB161300E73050 /* Build configuration list for PBXProject "RobustaStudioTask" */ = {
			isa = XCConfigurationList;
			buildConfigurations = (
				65D6669026EB161500E73050 /* Debug */,
				65D6669126EB161500E73050 /* Release */,
			);
			defaultConfigurationIsVisible = 0;
			defaultConfigurationName = Release;
		};
		65D6669226EB161500E73050 /* Build configuration list for PBXNativeTarget "RobustaStudioTask" */ = {
			isa = XCConfigurationList;
			buildConfigurations = (
				65D6669326EB161500E73050 /* Debug */,
				65D6669426EB161500E73050 /* Release */,
			);
			defaultConfigurationIsVisible = 0;
			defaultConfigurationName = Release;
		};
/* End XCConfigurationList section */
	};
	rootObject = 65D6667626EB161300E73050 /* Project object */;
}
